{
    "_meta": {
        "hash": {
            "sha256": "d39ead47c79fb9f95c8dc7864ad079db2af41c9a7cad300bf46f2db6039c87e7"
        },
        "pipfile-spec": 6,
        "requires": {
            "python_version": "3.8"
        },
        "sources": [
            {
                "name": "pypi",
                "url": "https://pypi.org/simple",
                "verify_ssl": true
            }
        ]
    },
    "default": {
        "print": {
            "hashes": [
                "sha256:ce5fde3929c682a37e51fd458d6b51920dae048516dfe9dddc11a778b98f9b00"
            ],
            "index": "pypi",
            "version": "==1.3.0"
        }
    },
    "develop": {}
}
